
Microsoft Visual Studio Solution File, Format Version 12.00
# Visual Studio Version 17
VisualStudioVersion = 17.11.35312.102
MinimumVisualStudioVersion = 10.0.40219.1
Project("{FAE04EC0-301F-11D3-BF4B-00C04F79EFBC}") = "CKLLib", "CKLLib.csproj", "{9A99097F-6484-419F-8D04-5D11F6538873}"
EndProject
Project("{FAE04EC0-301F-11D3-BF4B-00C04F79EFBC}") = "CKLDrawing", "..\CKLDrawing\CKLDrawing.csproj", "{CC90ECCA-0148-4B57-95EC-E9E7B6FA23A1}"
EndProject
Project("{FAE04EC0-301F-11D3-BF4B-00C04F79EFBC}") = "CKLLibTests", "..\CKLLibTests\CKLLibTests.csproj", "{9B62E404-7C9D-45B6-A797-76BB2412BD97}"
EndProject
Global
	GlobalSection(SolutionConfigurationPlatforms) = preSolution
		Debug|Any CPU = Debug|Any CPU
		Release|Any CPU = Release|Any CPU
	EndGlobalSection
	GlobalSection(ProjectConfigurationPlatforms) = postSolution
		{9A99097F-6484-419F-8D04-5D11F6538873}.Debug|Any CPU.ActiveCfg = Debug|Any CPU
		{9A99097F-6484-419F-8D04-5D11F6538873}.Debug|Any CPU.Build.0 = Debug|Any CPU
		{9A99097F-6484-419F-8D04-5D11F6538873}.Release|Any CPU.ActiveCfg = Release|Any CPU
		{9A99097F-6484-419F-8D04-5D11F6538873}.Release|Any CPU.Build.0 = Release|Any CPU
		{CC90ECCA-0148-4B57-95EC-E9E7B6FA23A1}.Debug|Any CPU.ActiveCfg = Debug|Any CPU
		{CC90ECCA-0148-4B57-95EC-E9E7B6FA23A1}.Debug|Any CPU.Build.0 = Debug|Any CPU
		{CC90ECCA-0148-4B57-95EC-E9E7B6FA23A1}.Release|Any CPU.ActiveCfg = Release|Any CPU
		{CC90ECCA-0148-4B57-95EC-E9E7B6FA23A1}.Release|Any CPU.Build.0 = Release|Any CPU
		{9B62E404-7C9D-45B6-A797-76BB2412BD97}.Debug|Any CPU.ActiveCfg = Debug|Any CPU
		{9B62E404-7C9D-45B6-A797-76BB2412BD97}.Debug|Any CPU.Build.0 = Debug|Any CPU
		{9B62E404-7C9D-45B6-A797-76BB2412BD97}.Release|Any CPU.ActiveCfg = Release|Any CPU
		{9B62E404-7C9D-45B6-A797-76BB2412BD97}.Release|Any CPU.Build.0 = Release|Any CPU
	EndGlobalSection
	GlobalSection(SolutionProperties) = preSolution
		HideSolutionNode = FALSE
	EndGlobalSection
	GlobalSection(ExtensibilityGlobals) = postSolution
		SolutionGuid = {C47E2735-3AD3-4511-86DF-C49B6730085A}
	EndGlobalSection
EndGlobal
