
Microsoft Visual Studio Solution File, Format Version 12.00
# Visual Studio Version 17
VisualStudioVersion = 17.11.35312.102
MinimumVisualStudioVersion = 10.0.40219.1
Project("{FAE04EC0-301F-11D3-BF4B-00C04F79EFBC}") = "CKL", "CKL.csproj", "{A32605A5-4D49-48F9-BFA5-CF16ABA1D8B2}"
EndProject
Project("{FAE04EC0-301F-11D3-BF4B-00C04F79EFBC}") = "CKLTests", "..\CKLTests\CKLTests.csproj", "{B3CCFFA8-1E90-409D-998E-A23ED3D45A42}"
EndProject
Global
	GlobalSection(SolutionConfigurationPlatforms) = preSolution
		Debug|Any CPU = Debug|Any CPU
		Release|Any CPU = Release|Any CPU
	EndGlobalSection
	GlobalSection(ProjectConfigurationPlatforms) = postSolution
		{A32605A5-4D49-48F9-BFA5-CF16ABA1D8B2}.Debug|Any CPU.ActiveCfg = Debug|Any CPU
		{A32605A5-4D49-48F9-BFA5-CF16ABA1D8B2}.Debug|Any CPU.Build.0 = Debug|Any CPU
		{A32605A5-4D49-48F9-BFA5-CF16ABA1D8B2}.Release|Any CPU.ActiveCfg = Release|Any CPU
		{A32605A5-4D49-48F9-BFA5-CF16ABA1D8B2}.Release|Any CPU.Build.0 = Release|Any CPU
		{B3CCFFA8-1E90-409D-998E-A23ED3D45A42}.Debug|Any CPU.ActiveCfg = Debug|Any CPU
		{B3CCFFA8-1E90-409D-998E-A23ED3D45A42}.Debug|Any CPU.Build.0 = Debug|Any CPU
		{B3CCFFA8-1E90-409D-998E-A23ED3D45A42}.Release|Any CPU.ActiveCfg = Release|Any CPU
		{B3CCFFA8-1E90-409D-998E-A23ED3D45A42}.Release|Any CPU.Build.0 = Release|Any CPU
	EndGlobalSection
	GlobalSection(SolutionProperties) = preSolution
		HideSolutionNode = FALSE
	EndGlobalSection
	GlobalSection(ExtensibilityGlobals) = postSolution
		SolutionGuid = {BBBF5D79-DFD1-476D-93C9-8BA1B6907C23}
	EndGlobalSection
EndGlobal
